
Microsoft Visual Studio Solution File, Format Version 12.00
# Visual Studio Version 16
VisualStudioVersion = 16.0.30114.105
MinimumVisualStudioVersion = 10.0.40219.1
Project("{FAE04EC0-301F-11D3-BF4B-00C04F79EFBC}") = "ProjetBD", "ProjetBD\ProjetBD.csproj", "{3CF49A37-D6DB-42BB-9189-42FD15FE3D5C}"
EndProject
Global
	GlobalSection(SolutionConfigurationPlatforms) = preSolution
		Debug|Any CPU = Debug|Any CPU
		Release|Any CPU = Release|Any CPU
	EndGlobalSection
	GlobalSection(ProjectConfigurationPlatforms) = postSolution
		{3CF49A37-D6DB-42BB-9189-42FD15FE3D5C}.Debug|Any CPU.ActiveCfg = Debug|Any CPU
		{3CF49A37-D6DB-42BB-9189-42FD15FE3D5C}.Debug|Any CPU.Build.0 = Debug|Any CPU
		{3CF49A37-D6DB-42BB-9189-42FD15FE3D5C}.Release|Any CPU.ActiveCfg = Release|Any CPU
		{3CF49A37-D6DB-42BB-9189-42FD15FE3D5C}.Release|Any CPU.Build.0 = Release|Any CPU
	EndGlobalSection
	GlobalSection(SolutionProperties) = preSolution
		HideSolutionNode = FALSE
	EndGlobalSection
	GlobalSection(ExtensibilityGlobals) = postSolution
		SolutionGuid = {20B09FD5-961D-4CED-8457-80B7C3BDED5B}
	EndGlobalSection
EndGlobal
